
Microsoft Visual Studio Solution File, Format Version 12.00
Project("{FAE04EC0-301F-11D3-BF4B-00C04F79EFBC}") = "ConsoleApp1", "ConsoleApp1\ConsoleApp1.csproj", "{669F80CB-6AAA-4025-9EAF-C5E2D4E016BB}"
EndProject
Global
	GlobalSection(SolutionConfigurationPlatforms) = preSolution
		Debug|Any CPU = Debug|Any CPU
		Release|Any CPU = Release|Any CPU
	EndGlobalSection
	GlobalSection(ProjectConfigurationPlatforms) = postSolution
		{669F80CB-6AAA-4025-9EAF-C5E2D4E016BB}.Debug|Any CPU.ActiveCfg = Debug|Any CPU
		{669F80CB-6AAA-4025-9EAF-C5E2D4E016BB}.Debug|Any CPU.Build.0 = Debug|Any CPU
		{669F80CB-6AAA-4025-9EAF-C5E2D4E016BB}.Release|Any CPU.ActiveCfg = Release|Any CPU
		{669F80CB-6AAA-4025-9EAF-C5E2D4E016BB}.Release|Any CPU.Build.0 = Release|Any CPU
	EndGlobalSection
EndGlobal
